
Microsoft Visual Studio Solution File, Format Version 12.00
# Visual Studio Version 17
VisualStudioVersion = 17.5.33414.496
MinimumVisualStudioVersion = 10.0.40219.1
Project("{9A19103F-16F7-4668-BE54-9A1E7A4F7556}") = "AttAssApplication", "AttAssApplication.csproj", "{86CA41ED-8864-4352-8ABE-C733D2EDFFC5}"
EndProject
Project("{FAE04EC0-301F-11D3-BF4B-00C04F79EFBC}") = "AttAssApplication.Tests", "..\AttAssApplication.Tests\AttAssApplication.Tests.csproj", "{FE2FC89C-DE0C-454D-8509-8B3CA13B2CF3}"
EndProject
Global
	GlobalSection(SolutionConfigurationPlatforms) = preSolution
		Debug|Any CPU = Debug|Any CPU
		Release|Any CPU = Release|Any CPU
	EndGlobalSection
	GlobalSection(ProjectConfigurationPlatforms) = postSolution
		{86CA41ED-8864-4352-8ABE-C733D2EDFFC5}.Debug|Any CPU.ActiveCfg = Debug|Any CPU
		{86CA41ED-8864-4352-8ABE-C733D2EDFFC5}.Debug|Any CPU.Build.0 = Debug|Any CPU
		{86CA41ED-8864-4352-8ABE-C733D2EDFFC5}.Release|Any CPU.ActiveCfg = Release|Any CPU
		{86CA41ED-8864-4352-8ABE-C733D2EDFFC5}.Release|Any CPU.Build.0 = Release|Any CPU
		{FE2FC89C-DE0C-454D-8509-8B3CA13B2CF3}.Debug|Any CPU.ActiveCfg = Debug|Any CPU
		{FE2FC89C-DE0C-454D-8509-8B3CA13B2CF3}.Debug|Any CPU.Build.0 = Debug|Any CPU
		{FE2FC89C-DE0C-454D-8509-8B3CA13B2CF3}.Release|Any CPU.ActiveCfg = Release|Any CPU
		{FE2FC89C-DE0C-454D-8509-8B3CA13B2CF3}.Release|Any CPU.Build.0 = Release|Any CPU
	EndGlobalSection
	GlobalSection(SolutionProperties) = preSolution
		HideSolutionNode = FALSE
	EndGlobalSection
	GlobalSection(ExtensibilityGlobals) = postSolution
		SolutionGuid = {5404B6FC-DB2D-4B2E-A463-E4F4376AA105}
	EndGlobalSection
EndGlobal
